// !$*UTF8*$!
{
	archiveVersion = 1;
	classes = {
	};
	objectVersion = 46;
	objects = {

/* Begin PBXBuildFile section */
		040E03421D33A252003D191C /* main.m in Sources */ = {isa = PBXBuildFile; fileRef = 040E03411D33A252003D191C /* main.m */; };
		040E03451D33A252003D191C /* AppDelegate.m in Sources */ = {isa = PBXBuildFile; fileRef = 040E03441D33A252003D191C /* AppDelegate.m */; };
		040E03481D33A252003D191C /* ViewController.m in Sources */ = {isa = PBXBuildFile; fileRef = 040E03471D33A252003D191C /* ViewController.m */; };
		040E034B1D33A252003D191C /* Main.storyboard in Resources */ = {isa = PBXBuildFile; fileRef = 040E03491D33A252003D191C /* Main.storyboard */; };
		040E034D1D33A252003D191C /* Assets.xcassets in Resources */ = {isa = PBXBuildFile; fileRef = 040E034C1D33A252003D191C /* Assets.xcassets */; };
		040E03501D33A252003D191C /* LaunchScreen.storyboard in Resources */ = {isa = PBXBuildFile; fileRef = 040E034E1D33A252003D191C /* LaunchScreen.storyboard */; };
		040E035B1D33A252003D191C /* HKCountDownViewExampleTests.m in Sources */ = {isa = PBXBuildFile; fileRef = 040E035A1D33A252003D191C /* HKCountDownViewExampleTests.m */; };
		040E03661D33A252003D191C /* HKCountDownViewExampleUITests.m in Sources */ = {isa = PBXBuildFile; fileRef = 040E03651D33A252003D191C /* HKCountDownViewExampleUITests.m */; };
		040E037F1D33A2BF003D191C /* HKCountDownView.m in Sources */ = {isa = PBXBuildFile; fileRef = 040E037C1D33A2BF003D191C /* HKCountDownView.m */; };
		040E03801D33A2BF003D191C /* UIImage+HKExtension.m in Sources */ = {isa = PBXBuildFile; fileRef = 040E037E1D33A2BF003D191C /* UIImage+HKExtension.m */; };
/* End PBXBuildFile section */

/* Begin PBXContainerItemProxy section */
		040E03571D33A252003D191C /* PBXContainerItemProxy */ = {
			isa = PBXContainerItemProxy;
			containerPortal = 040E03351D33A252003D191C /* Project object */;
			proxyType = 1;
			remoteGlobalIDString = 040E033C1D33A252003D191C;
			remoteInfo = HKCountDownViewExample;
		};
		040E03621D33A252003D191C /* PBXContainerItemProxy */ = {
			isa = PBXContainerItemProxy;
			containerPortal = 040E03351D33A252003D191C /* Project object */;
			proxyType = 1;
			remoteGlobalIDString = 040E033C1D33A252003D191C;
			remoteInfo = HKCountDownViewExample;
		};
/* End PBXContainerItemProxy section */

/* Begin PBXFileReference section */
		040E033D1D33A252003D191C /* HKCountDownViewExample.app */ = {isa = PBXFileReference; explicitFileType = wrapper.application; includeInIndex = 0; path = HKCountDownViewExample.app; sourceTree = BUILT_PRODUCTS_DIR; };
		040E03411D33A252003D191C /* main.m */ = {isa = PBXFileReference; lastKnownFileType = sourcecode.c.objc; path = main.m; sourceTree = "<group>"; };
		040E03431D33A252003D191C /* AppDelegate.h */ = {isa = PBXFileReference; lastKnownFileType = sourcecode.c.h; path = AppDelegate.h; sourceTree = "<group>"; };
		040E03441D33A252003D191C /* AppDelegate.m */ = {isa = PBXFileReference; lastKnownFileType = sourcecode.c.objc; path = AppDelegate.m; sourceTree = "<group>"; };
		040E03461D33A252003D191C /* ViewController.h */ = {isa = PBXFileReference; lastKnownFileType = sourcecode.c.h; path = ViewController.h; sourceTree = "<group>"; };
		040E03471D33A252003D191C /* ViewController.m */ = {isa = PBXFileReference; lastKnownFileType = sourcecode.c.objc; path = ViewController.m; sourceTree = "<group>"; };
		040E034A1D33A252003D191C /* Base */ = {isa = PBXFileReference; lastKnownFileType = file.storyboard; name = Base; path = Base.lproj/Main.storyboard; sourceTree = "<group>"; };
		040E034C1D33A252003D191C /* Assets.xcassets */ = {isa = PBXFileReference; lastKnownFileType = folder.assetcatalog; path = Assets.xcassets; sourceTree = "<group>"; };
		040E034F1D33A252003D191C /* Base */ = {isa = PBXFileReference; lastKnownFileType = file.storyboard; name = Base; path = Base.lproj/LaunchScreen.storyboard; sourceTree = "<group>"; };
		040E03511D33A252003D191C /* Info.plist */ = {isa = PBXFileReference; lastKnownFileType = text.plist.xml; path = Info.plist; sourceTree = "<group>"; };
		040E03561D33A252003D191C /* HKCountDownViewExampleTests.xctest */ = {isa = PBXFileReference; explicitFileType = wrapper.cfbundle; includeInIndex = 0; path = HKCountDownViewExampleTests.xctest; sourceTree = BUILT_PRODUCTS_DIR; };
		040E035A1D33A252003D191C /* HKCountDownViewExampleTests.m */ = {isa = PBXFileReference; lastKnownFileType = sourcecode.c.objc; path = HKCountDownViewExampleTests.m; sourceTree = "<group>"; };
		040E035C1D33A252003D191C /* Info.plist */ = {isa = PBXFileReference; lastKnownFileType = text.plist.xml; path = Info.plist; sourceTree = "<group>"; };
		040E03611D33A252003D191C /* HKCountDownViewExampleUITests.xctest */ = {isa = PBXFileReference; explicitFileType = wrapper.cfbundle; includeInIndex = 0; path = HKCountDownViewExampleUITests.xctest; sourceTree = BUILT_PRODUCTS_DIR; };
		040E03651D33A252003D191C /* HKCountDownViewExampleUITests.m */ = {isa = PBXFileReference; lastKnownFileType = sourcecode.c.objc; path = HKCountDownViewExampleUITests.m; sourceTree = "<group>"; };
		040E03671D33A252003D191C /* Info.plist */ = {isa = PBXFileReference; lastKnownFileType = text.plist.xml; path = Info.plist; sourceTree = "<group>"; };
		040E037B1D33A2BF003D191C /* HKCountDownView.h */ = {isa = PBXFileReference; fileEncoding = 4; lastKnownFileType = sourcecode.c.h; path = HKCountDownView.h; sourceTree = "<group>"; };
		040E037C1D33A2BF003D191C /* HKCountDownView.m */ = {isa = PBXFileReference; fileEncoding = 4; lastKnownFileType = sourcecode.c.objc; path = HKCountDownView.m; sourceTree = "<group>"; };
		040E037D1D33A2BF003D191C /* UIImage+HKExtension.h */ = {isa = PBXFileReference; fileEncoding = 4; lastKnownFileType = sourcecode.c.h; path = "UIImage+HKExtension.h"; sourceTree = "<group>"; };
		040E037E1D33A2BF003D191C /* UIImage+HKExtension.m */ = {isa = PBXFileReference; fileEncoding = 4; lastKnownFileType = sourcecode.c.objc; path = "UIImage+HKExtension.m"; sourceTree = "<group>"; };
/* End PBXFileReference section */

/* Begin PBXFrameworksBuildPhase section */
		040E033A1D33A252003D191C /* Frameworks */ = {
			isa = PBXFrameworksBuildPhase;
			buildActionMask = 2147483647;
			files = (
			);
			runOnlyForDeploymentPostprocessing = 0;
		};
		040E03531D33A252003D191C /* Frameworks */ = {
			isa = PBXFrameworksBuildPhase;
			buildActionMask = 2147483647;
			files = (
			);
			runOnlyForDeploymentPostprocessing = 0;
		};
		040E035E1D33A252003D191C /* Frameworks */ = {
			isa = PBXFrameworksBuildPhase;
			buildActionMask = 2147483647;
			files = (
			);
			runOnlyForDeploymentPostprocessing = 0;
		};
/* End PBXFrameworksBuildPhase section */

/* Begin PBXGroup section */
		040E03341D33A252003D191C = {
			isa = PBXGroup;
			children = (
				040E033F1D33A252003D191C /* HKCountDownViewExample */,
				040E03591D33A252003D191C /* HKCountDownViewExampleTests */,
				040E03641D33A252003D191C /* HKCountDownViewExampleUITests */,
				040E033E1D33A252003D191C /* Products */,
			);
			sourceTree = "<group>";
		};
		040E033E1D33A252003D191C /* Products */ = {
			isa = PBXGroup;
			children = (
				040E033D1D33A252003D191C /* HKCountDownViewExample.app */,
				040E03561D33A252003D191C /* HKCountDownViewExampleTests.xctest */,
				040E03611D33A252003D191C /* HKCountDownViewExampleUITests.xctest */,
			);
			name = Products;
			sourceTree = "<group>";
		};
		040E033F1D33A252003D191C /* HKCountDownViewExample */ = {
			isa = PBXGroup;
			children = (
				040E037A1D33A2BF003D191C /* HKCountDownView */,
				040E03431D33A252003D191C /* AppDelegate.h */,
				040E03441D33A252003D191C /* AppDelegate.m */,
				040E03461D33A252003D191C /* ViewController.h */,
				040E03471D33A252003D191C /* ViewController.m */,
				040E03491D33A252003D191C /* Main.storyboard */,
				040E034C1D33A252003D191C /* Assets.xcassets */,
				040E034E1D33A252003D191C /* LaunchScreen.storyboard */,
				040E03511D33A252003D191C /* Info.plist */,
				040E03401D33A252003D191C /* Supporting Files */,
			);
			path = HKCountDownViewExample;
			sourceTree = "<group>";
		};
		040E03401D33A252003D191C /* Supporting Files */ = {
			isa = PBXGroup;
			children = (
				040E03411D33A252003D191C /* main.m */,
			);
			name = "Supporting Files";
			sourceTree = "<group>";
		};
		040E03591D33A252003D191C /* HKCountDownViewExampleTests */ = {
			isa = PBXGroup;
			children = (
				040E035A1D33A252003D191C /* HKCountDownViewExampleTests.m */,
				040E035C1D33A252003D191C /* Info.plist */,
			);
			path = HKCountDownViewExampleTests;
			sourceTree = "<group>";
		};
		040E03641D33A252003D191C /* HKCountDownViewExampleUITests */ = {
			isa = PBXGroup;
			children = (
				040E03651D33A252003D191C /* HKCountDownViewExampleUITests.m */,
				040E03671D33A252003D191C /* Info.plist */,
			);
			path = HKCountDownViewExampleUITests;
			sourceTree = "<group>";
		};
		040E037A1D33A2BF003D191C /* HKCountDownView */ = {
			isa = PBXGroup;
			children = (
				040E037B1D33A2BF003D191C /* HKCountDownView.h */,
				040E037C1D33A2BF003D191C /* HKCountDownView.m */,
				040E037D1D33A2BF003D191C /* UIImage+HKExtension.h */,
				040E037E1D33A2BF003D191C /* UIImage+HKExtension.m */,
			);
			name = HKCountDownView;
			path = ../../HKCountDownView;
			sourceTree = "<group>";
		};
/* End PBXGroup section */

/* Begin PBXNativeTarget section */
		040E033C1D33A252003D191C /* HKCountDownViewExample */ = {
			isa = PBXNativeTarget;
			buildConfigurationList = 040E036A1D33A252003D191C /* Build configuration list for PBXNativeTarget "HKCountDownViewExample" */;
			buildPhases = (
				040E03391D33A252003D191C /* Sources */,
				040E033A1D33A252003D191C /* Frameworks */,
				040E033B1D33A252003D191C /* Resources */,
			);
			buildRules = (
			);
			dependencies = (
			);
			name = HKCountDownViewExample;
			productName = HKCountDownViewExample;
			productReference = 040E033D1D33A252003D191C /* HKCountDownViewExample.app */;
			productType = "com.apple.product-type.application";
		};
		040E03551D33A252003D191C /* HKCountDownViewExampleTests */ = {
			isa = PBXNativeTarget;
			buildConfigurationList = 040E036D1D33A252003D191C /* Build configuration list for PBXNativeTarget "HKCountDownViewExampleTests" */;
			buildPhases = (
				040E03521D33A252003D191C /* Sources */,
				040E03531D33A252003D191C /* Frameworks */,
				040E03541D33A252003D191C /* Resources */,
			);
			buildRules = (
			);
			dependencies = (
				040E03581D33A252003D191C /* PBXTargetDependency */,
			);
			name = HKCountDownViewExampleTests;
			productName = HKCountDownViewExampleTests;
			productReference = 040E03561D33A252003D191C /* HKCountDownViewExampleTests.xctest */;
			productType = "com.apple.product-type.bundle.unit-test";
		};
		040E03601D33A252003D191C /* HKCountDownViewExampleUITests */ = {
			isa = PBXNativeTarget;
			buildConfigurationList = 040E03701D33A252003D191C /* Build configuration list for PBXNativeTarget "HKCountDownViewExampleUITests" */;
			buildPhases = (
				040E035D1D33A252003D191C /* Sources */,
				040E035E1D33A252003D191C /* Frameworks */,
				040E035F1D33A252003D191C /* Resources */,
			);
			buildRules = (
			);
			dependencies = (
				040E03631D33A252003D191C /* PBXTargetDependency */,
			);
			name = HKCountDownViewExampleUITests;
			productName = HKCountDownViewExampleUITests;
			productReference = 040E03611D33A252003D191C /* HKCountDownViewExampleUITests.xctest */;
			productType = "com.apple.product-type.bundle.ui-testing";
		};
/* End PBXNativeTarget section */

/* Begin PBXProject section */
		040E03351D33A252003D191C /* Project object */ = {
			isa = PBXProject;
			attributes = {
				LastUpgradeCheck = 0730;
				ORGANIZATIONNAME = Mac;
				TargetAttributes = {
					040E033C1D33A252003D191C = {
						CreatedOnToolsVersion = 7.3.1;
					};
					040E03551D33A252003D191C = {
						CreatedOnToolsVersion = 7.3.1;
						TestTargetID = 040E033C1D33A252003D191C;
					};
					040E03601D33A252003D191C = {
						CreatedOnToolsVersion = 7.3.1;
						TestTargetID = 040E033C1D33A252003D191C;
					};
				};
			};
			buildConfigurationList = 040E03381D33A252003D191C /* Build configuration list for PBXProject "HKCountDownViewExample" */;
			compatibilityVersion = "Xcode 3.2";
			developmentRegion = English;
			hasScannedForEncodings = 0;
			knownRegions = (
				en,
				Base,
			);
			mainGroup = 040E03341D33A252003D191C;
			productRefGroup = 040E033E1D33A252003D191C /* Products */;
			projectDirPath = "";
			projectRoot = "";
			targets = (
				040E033C1D33A252003D191C /* HKCountDownViewExample */,
				040E03551D33A252003D191C /* HKCountDownViewExampleTests */,
				040E03601D33A252003D191C /* HKCountDownViewExampleUITests */,
			);
		};
/* End PBXProject section */

/* Begin PBXResourcesBuildPhase section */
		040E033B1D33A252003D191C /* Resources */ = {
			isa = PBXResourcesBuildPhase;
			buildActionMask = 2147483647;
			files = (
				040E03501D33A252003D191C /* LaunchScreen.storyboard in Resources */,
				040E034D1D33A252003D191C /* Assets.xcassets in Resources */,
				040E034B1D33A252003D191C /* Main.storyboard in Resources */,
			);
			runOnlyForDeploymentPostprocessing = 0;
		};
		040E03541D33A252003D191C /* Resources */ = {
			isa = PBXResourcesBuildPhase;
			buildActionMask = 2147483647;
			files = (
			);
			runOnlyForDeploymentPostprocessing = 0;
		};
		040E035F1D33A252003D191C /* Resources */ = {
			isa = PBXResourcesBuildPhase;
			buildActionMask = 2147483647;
			files = (
			);
			runOnlyForDeploymentPostprocessing = 0;
		};
/* End PBXResourcesBuildPhase section */

/* Begin PBXSourcesBuildPhase section */
		040E03391D33A252003D191C /* Sources */ = {
			isa = PBXSourcesBuildPhase;
			buildActionMask = 2147483647;
			files = (
				040E03801D33A2BF003D191C /* UIImage+HKExtension.m in Sources */,
				040E03481D33A252003D191C /* ViewController.m in Sources */,
				040E03451D33A252003D191C /* AppDelegate.m in Sources */,
				040E03421D33A252003D191C /* main.m in Sources */,
				040E037F1D33A2BF003D191C /* HKCountDownView.m in Sources */,
			);
			runOnlyForDeploymentPostprocessing = 0;
		};
		040E03521D33A252003D191C /* Sources */ = {
			isa = PBXSourcesBuildPhase;
			buildActionMask = 2147483647;
			files = (
				040E035B1D33A252003D191C /* HKCountDownViewExampleTests.m in Sources */,
			);
			runOnlyForDeploymentPostprocessing = 0;
		};
		040E035D1D33A252003D191C /* Sources */ = {
			isa = PBXSourcesBuildPhase;
			buildActionMask = 2147483647;
			files = (
				040E03661D33A252003D191C /* HKCountDownViewExampleUITests.m in Sources */,
			);
			runOnlyForDeploymentPostprocessing = 0;
		};
/* End PBXSourcesBuildPhase section */

/* Begin PBXTargetDependency section */
		040E03581D33A252003D191C /* PBXTargetDependency */ = {
			isa = PBXTargetDependency;
			target = 040E033C1D33A252003D191C /* HKCountDownViewExample */;
			targetProxy = 040E03571D33A252003D191C /* PBXContainerItemProxy */;
		};
		040E03631D33A252003D191C /* PBXTargetDependency */ = {
			isa = PBXTargetDependency;
			target = 040E033C1D33A252003D191C /* HKCountDownViewExample */;
			targetProxy = 040E03621D33A252003D191C /* PBXContainerItemProxy */;
		};
/* End PBXTargetDependency section */

/* Begin PBXVariantGroup section */
		040E03491D33A252003D191C /* Main.storyboard */ = {
			isa = PBXVariantGroup;
			children = (
				040E034A1D33A252003D191C /* Base */,
			);
			name = Main.storyboard;
			sourceTree = "<group>";
		};
		040E034E1D33A252003D191C /* LaunchScreen.storyboard */ = {
			isa = PBXVariantGroup;
			children = (
				040E034F1D33A252003D191C /* Base */,
			);
			name = LaunchScreen.storyboard;
			sourceTree = "<group>";
		};
/* End PBXVariantGroup section */

/* Begin XCBuildConfiguration section */
		040E03681D33A252003D191C /* Debug */ = {
			isa = XCBuildConfiguration;
			buildSettings = {
				ALWAYS_SEARCH_USER_PATHS = NO;
				CLANG_ANALYZER_NONNULL = YES;
				CLANG_CXX_LANGUAGE_STANDARD = "gnu++0x";
				CLANG_CXX_LIBRARY = "libc++";
				CLANG_ENABLE_MODULES = YES;
				CLANG_ENABLE_OBJC_ARC = YES;
				CLANG_WARN_BOOL_CONVERSION = YES;
				CLANG_WARN_CONSTANT_CONVERSION = YES;
				CLANG_WARN_DIRECT_OBJC_ISA_USAGE = YES_ERROR;
				CLANG_WARN_EMPTY_BODY = YES;
				CLANG_WARN_ENUM_CONVERSION = YES;
				CLANG_WARN_INT_CONVERSION = YES;
				CLANG_WARN_OBJC_ROOT_CLASS = YES_ERROR;
				CLANG_WARN_UNREACHABLE_CODE = YES;
				CLANG_WARN__DUPLICATE_METHOD_MATCH = YES;
				"CODE_SIGN_IDENTITY[sdk=iphoneos*]" = "iPhone Developer";
				COPY_PHASE_STRIP = NO;
				DEBUG_INFORMATION_FORMAT = dwarf;
				ENABLE_STRICT_OBJC_MSGSEND = YES;
				ENABLE_TESTABILITY = YES;
				GCC_C_LANGUAGE_STANDARD = gnu99;
				GCC_DYNAMIC_NO_PIC = NO;
				GCC_NO_COMMON_BLOCKS = YES;
				GCC_OPTIMIZATION_LEVEL = 0;
				GCC_PREPROCESSOR_DEFINITIONS = (
					"DEBUG=1",
					"$(inherited)",
				);
				GCC_WARN_64_TO_32_BIT_CONVERSION = YES;
				GCC_WARN_ABOUT_RETURN_TYPE = YES_ERROR;
				GCC_WARN_UNDECLARED_SELECTOR = YES;
				GCC_WARN_UNINITIALIZED_AUTOS = YES_AGGRESSIVE;
				GCC_WARN_UNUSED_FUNCTION = YES;
				GCC_WARN_UNUSED_VARIABLE = YES;
				IPHONEOS_DEPLOYMENT_TARGET = 9.3;
				MTL_ENABLE_DEBUG_INFO = YES;
				ONLY_ACTIVE_ARCH = YES;
				SDKROOT = iphoneos;
			};
			name = Debug;
		};
		040E03691D33A252003D191C /* Release */ = {
			isa = XCBuildConfiguration;
			buildSettings = {
				ALWAYS_SEARCH_USER_PATHS = NO;
				CLANG_ANALYZER_NONNULL = YES;
				CLANG_CXX_LANGUAGE_STANDARD = "gnu++0x";
				CLANG_CXX_LIBRARY = "libc++";
				CLANG_ENABLE_MODULES = YES;
				CLANG_ENABLE_OBJC_ARC = YES;
				CLANG_WARN_BOOL_CONVERSION = YES;
				CLANG_WARN_CONSTANT_CONVERSION = YES;
				CLANG_WARN_DIRECT_OBJC_ISA_USAGE = YES_ERROR;
				CLANG_WARN_EMPTY_BODY = YES;
				CLANG_WARN_ENUM_CONVERSION = YES;
				CLANG_WARN_INT_CONVERSION = YES;
				CLANG_WARN_OBJC_ROOT_CLASS = YES_ERROR;
				CLANG_WARN_UNREACHABLE_CODE = YES;
				CLANG_WARN__DUPLICATE_METHOD_MATCH = YES;
				"CODE_SIGN_IDENTITY[sdk=iphoneos*]" = "iPhone Developer";
				COPY_PHASE_STRIP = NO;
				DEBUG_INFORMATION_FORMAT = "dwarf-with-dsym";
				ENABLE_NS_ASSERTIONS = NO;
				ENABLE_STRICT_OBJC_MSGSEND = YES;
				GCC_C_LANGUAGE_STANDARD = gnu99;
				GCC_NO_COMMON_BLOCKS = YES;
				GCC_WARN_64_TO_32_BIT_CONVERSION = YES;
				GCC_WARN_ABOUT_RETURN_TYPE = YES_ERROR;
				GCC_WARN_UNDECLARED_SELECTOR = YES;
				GCC_WARN_UNINITIALIZED_AUTOS = YES_AGGRESSIVE;
				GCC_WARN_UNUSED_FUNCTION = YES;
				GCC_WARN_UNUSED_VARIABLE = YES;
				IPHONEOS_DEPLOYMENT_TARGET = 9.3;
				MTL_ENABLE_DEBUG_INFO = NO;
				SDKROOT = iphoneos;
				VALIDATE_PRODUCT = YES;
			};
			name = Release;
		};
		040E036B1D33A252003D191C /* Debug */ = {
			isa = XCBuildConfiguration;
			buildSettings = {
				ASSETCATALOG_COMPILER_APPICON_NAME = AppIcon;
				INFOPLIST_FILE = HKCountDownViewExample/Info.plist;
				LD_RUNPATH_SEARCH_PATHS = "$(inherited) @executable_path/Frameworks";
				PRODUCT_BUNDLE_IDENTIFIER = com.shopNum1.HKCountDownViewExample;
				PRODUCT_NAME = "$(TARGET_NAME)";
			};
			name = Debug;
		};
		040E036C1D33A252003D191C /* Release */ = {
			isa = XCBuildConfiguration;
			buildSettings = {
				ASSETCATALOG_COMPILER_APPICON_NAME = AppIcon;
				INFOPLIST_FILE = HKCountDownViewExample/Info.plist;
				LD_RUNPATH_SEARCH_PATHS = "$(inherited) @executable_path/Frameworks";
				PRODUCT_BUNDLE_IDENTIFIER = com.shopNum1.HKCountDownViewExample;
				PRODUCT_NAME = "$(TARGET_NAME)";
			};
			name = Release;
		};
		040E036E1D33A252003D191C /* Debug */ = {
			isa = XCBuildConfiguration;
			buildSettings = {
				BUNDLE_LOADER = "$(TEST_HOST)";
				INFOPLIST_FILE = HKCountDownViewExampleTests/Info.plist;
				LD_RUNPATH_SEARCH_PATHS = "$(inherited) @executable_path/Frameworks @loader_path/Frameworks";
				PRODUCT_BUNDLE_IDENTIFIER = com.shopNum1.HKCountDownViewExampleTests;
				PRODUCT_NAME = "$(TARGET_NAME)";
				TEST_HOST = "$(BUILT_PRODUCTS_DIR)/HKCountDownViewExample.app/HKCountDownViewExample";
			};
			name = Debug;
		};
		040E036F1D33A252003D191C /* Release */ = {
			isa = XCBuildConfiguration;
			buildSettings = {
				BUNDLE_LOADER = "$(TEST_HOST)";
				INFOPLIST_FILE = HKCountDownViewExampleTests/Info.plist;
				LD_RUNPATH_SEARCH_PATHS = "$(inherited) @executable_path/Frameworks @loader_path/Frameworks";
				PRODUCT_BUNDLE_IDENTIFIER = com.shopNum1.HKCountDownViewExampleTests;
				PRODUCT_NAME = "$(TARGET_NAME)";
				TEST_HOST = "$(BUILT_PRODUCTS_DIR)/HKCountDownViewExample.app/HKCountDownViewExample";
			};
			name = Release;
		};
		040E03711D33A252003D191C /* Debug */ = {
			isa = XCBuildConfiguration;
			buildSettings = {
				INFOPLIST_FILE = HKCountDownViewExampleUITests/Info.plist;
				LD_RUNPATH_SEARCH_PATHS = "$(inherited) @executable_path/Frameworks @loader_path/Frameworks";
				PRODUCT_BUNDLE_IDENTIFIER = com.shopNum1.HKCountDownViewExampleUITests;
				PRODUCT_NAME = "$(TARGET_NAME)";
				TEST_TARGET_NAME = HKCountDownViewExample;
			};
			name = Debug;
		};
		040E03721D33A252003D191C /* Release */ = {
			isa = XCBuildConfiguration;
			buildSettings = {
				INFOPLIST_FILE = HKCountDownViewExampleUITests/Info.plist;
				LD_RUNPATH_SEARCH_PATHS = "$(inherited) @executable_path/Frameworks @loader_path/Frameworks";
				PRODUCT_BUNDLE_IDENTIFIER = com.shopNum1.HKCountDownViewExampleUITests;
				PRODUCT_NAME = "$(TARGET_NAME)";
				TEST_TARGET_NAME = HKCountDownViewExample;
			};
			name = Release;
		};
/* End XCBuildConfiguration section */

/* Begin XCConfigurationList section */
		040E03381D33A252003D191C /* Build configuration list for PBXProject "HKCountDownViewExample" */ = {
			isa = XCConfigurationList;
			buildConfigurations = (
				040E03681D33A252003D191C /* Debug */,
				040E03691D33A252003D191C /* Release */,
			);
			defaultConfigurationIsVisible = 0;
			defaultConfigurationName = Release;
		};
		040E036A1D33A252003D191C /* Build configuration list for PBXNativeTarget "HKCountDownViewExample" */ = {
			isa = XCConfigurationList;
			buildConfigurations = (
				040E036B1D33A252003D191C /* Debug */,
				040E036C1D33A252003D191C /* Release */,
			);
			defaultConfigurationIsVisible = 0;
			defaultConfigurationName = Release;
		};
		040E036D1D33A252003D191C /* Build configuration list for PBXNativeTarget "HKCountDownViewExampleTests" */ = {
			isa = XCConfigurationList;
			buildConfigurations = (
				040E036E1D33A252003D191C /* Debug */,
				040E036F1D33A252003D191C /* Release */,
			);
			defaultConfigurationIsVisible = 0;
			defaultConfigurationName = Release;
		};
		040E03701D33A252003D191C /* Build configuration list for PBXNativeTarget "HKCountDownViewExampleUITests" */ = {
			isa = XCConfigurationList;
			buildConfigurations = (
				040E03711D33A252003D191C /* Debug */,
				040E03721D33A252003D191C /* Release */,
			);
			defaultConfigurationIsVisible = 0;
			defaultConfigurationName = Release;
		};
/* End XCConfigurationList section */
	};
	rootObject = 040E03351D33A252003D191C /* Project object */;
}
